{
  "name": "@anchan828/nest-i18n-i18next",
  "version": "0.0.7",
  "lockfileVersion": 1,
  "requires": true,
  "dependencies": {
    "@babel/runtime": {
      "version": "7.6.2",
      "resolved": "https://registry.npmjs.org/@babel/runtime/-/runtime-7.6.2.tgz",
      "integrity": "sha512-EXxN64agfUqqIGeEjI5dL5z0Sw0ZwWo1mLTi4mQowCZ42O59b7DRpZAnTC6OqdF28wMBMFKNb/4uFGrVaigSpg==",
      "dev": true,
      "requires": {
        "regenerator-runtime": "^0.13.2"
      }
    },
    "@types/i18next-node-fs-backend": {
      "version": "2.1.0",
      "resolved": "https://registry.npmjs.org/@types/i18next-node-fs-backend/-/i18next-node-fs-backend-2.1.0.tgz",
      "integrity": "sha512-bOOeT89UO/bYLJoQHdN5S3pggj7mMmFfQMBpDdUQOQIQkENGpnTwhNsIM/kjl1NE2HEihjlRZUNVV60Ze86UZA==",
      "dev": true,
      "requires": {
        "i18next": ">=17.0.11"
      }
    },
    "argparse": {
      "version": "1.0.10",
      "resolved": "https://registry.npmjs.org/argparse/-/argparse-1.0.10.tgz",
      "integrity": "sha512-o5Roy6tNG4SL/FOkCAN6RzjiakZS25RLYFrcMttJqbdd8BWrnA+fGz57iN5Pb06pvBGvl5gQ0B48dJlslXvoTg==",
      "requires": {
        "sprintf-js": "~1.0.2"
      }
    },
    "esprima": {
      "version": "4.0.1",
      "resolved": "https://registry.npmjs.org/esprima/-/esprima-4.0.1.tgz",
      "integrity": "sha512-eGuFFw7Upda+g4p+QHvnW0RyTX/SVeJBDM/gCtMARO0cLuT2HcEKnTPvhjV6aGeqrCB/sbNop0Kszm0jsaWU4A=="
    },
    "i18next": {
      "version": "17.0.17",
      "resolved": "https://registry.npmjs.org/i18next/-/i18next-17.0.17.tgz",
      "integrity": "sha512-cOIAxGV6ltvEdKoTvTKqzLGxp72T9m5Ivxsqsjikx42/GmWZVjfvfstExOSlrWMVOv47itGGXt36xatK9y+BQQ==",
      "dev": true,
      "requires": {
        "@babel/runtime": "^7.3.1"
      }
    },
    "i18next-node-fs-backend": {
      "version": "2.1.3",
      "resolved": "https://registry.npmjs.org/i18next-node-fs-backend/-/i18next-node-fs-backend-2.1.3.tgz",
      "integrity": "sha512-CreMFiVl3ChlMc5ys/e0QfuLFOZyFcL40Jj6jaKD6DxZ/GCUMxPI9BpU43QMWUgC7r+PClpxg2cGXAl0CjG04g==",
      "requires": {
        "js-yaml": "3.13.1",
        "json5": "2.0.0"
      }
    },
    "js-yaml": {
      "version": "3.13.1",
      "resolved": "https://registry.npmjs.org/js-yaml/-/js-yaml-3.13.1.tgz",
      "integrity": "sha512-YfbcO7jXDdyj0DGxYVSlSeQNHbD7XPWvrVWeVUujrQEoZzWJIRrCPoyk6kL6IAjAG2IolMK4T0hNUe0HOUs5Jw==",
      "requires": {
        "argparse": "^1.0.7",
        "esprima": "^4.0.0"
      }
    },
    "json5": {
      "version": "2.0.0",
      "resolved": "https://registry.npmjs.org/json5/-/json5-2.0.0.tgz",
      "integrity": "sha512-0EdQvHuLm7yJ7lyG5dp7Q3X2ku++BG5ZHaJ5FTnaXpKqDrw4pMxel5Bt3oAYMthnrthFBdnZ1FcsXTPyrQlV0w==",
      "requires": {
        "minimist": "^1.2.0"
      }
    },
    "minimist": {
      "version": "1.2.0",
      "resolved": "https://registry.npmjs.org/minimist/-/minimist-1.2.0.tgz",
      "integrity": "sha1-o1AIsg9BOD7sH7kU9M1d95omQoQ="
    },
    "regenerator-runtime": {
      "version": "0.13.3",
      "resolved": "https://registry.npmjs.org/regenerator-runtime/-/regenerator-runtime-0.13.3.tgz",
      "integrity": "sha512-naKIZz2GQ8JWh///G7L3X6LaQUAMp2lvb1rvwwsURe/VXwD6VMfr+/1NuNw3ag8v2kY1aQ/go5SNn79O9JU7yw==",
      "dev": true
    },
    "sprintf-js": {
      "version": "1.0.3",
      "resolved": "https://registry.npmjs.org/sprintf-js/-/sprintf-js-1.0.3.tgz",
      "integrity": "sha1-BOaSb2YolTVPPdAVIDYzuFcpfiw="
    }
  }
}
