{
  "name": "@anchan828/nest-i18n-i18next",
  "version": "0.0.0",
  "lockfileVersion": 1,
  "requires": true,
  "dependencies": {
    "@babel/runtime": {
      "version": "7.6.0",
      "resolved": "https://registry.npmjs.org/@babel/runtime/-/runtime-7.6.0.tgz",
      "integrity": "sha512-89eSBLJsxNxOERC0Op4vd+0Bqm6wRMqMbFtV3i0/fbaWw/mJ8Q3eBvgX0G4SyrOOLCtbu98HspF8o09MRT+KzQ==",
      "dev": true,
      "requires": {
        "regenerator-runtime": "^0.13.2"
      }
    },
    "@dsherret/to-absolute-glob": {
      "version": "2.0.2",
      "resolved": "https://registry.npmjs.org/@dsherret/to-absolute-glob/-/to-absolute-glob-2.0.2.tgz",
      "integrity": "sha1-H2R13IvZdM6gei2vOGSzF7HdMyw=",
      "dev": true,
      "requires": {
        "is-absolute": "^1.0.0",
        "is-negated-glob": "^1.0.0"
      }
    },
    "@kamilkisiela/graphql-tools": {
      "version": "4.0.6",
      "resolved": "https://registry.npmjs.org/@kamilkisiela/graphql-tools/-/graphql-tools-4.0.6.tgz",
      "integrity": "sha512-IPWa+dOFCE4zaCsrJrAMp7yWXnfOZLNhqoMEOmn958WkLM0mmsDc/W/Rh7/7xopIT6P0oizb6/N1iH5HnNXOUA==",
      "dev": true,
      "requires": {
        "apollo-link": "^1.2.3",
        "apollo-utilities": "^1.0.1",
        "deprecated-decorator": "^0.1.6",
        "iterall": "^1.1.3",
        "uuid": "^3.1.0"
      }
    },
    "@nestjs/graphql": {
      "version": "6.5.1",
      "resolved": "https://registry.npmjs.org/@nestjs/graphql/-/graphql-6.5.1.tgz",
      "integrity": "sha512-xH1BKDhjXaikIurWakiYrrM3QpcvS93Pmp+mKCAKhsI5rL0+ELmp/FQ89bEOqRGhmgFn7Mj5QtqsGT6W1EYRiA==",
      "dev": true,
      "requires": {
        "@types/graphql": "14.2.3",
        "chokidar": "3.0.2",
        "fast-glob": "3.0.4",
        "graphql-tools": "4.0.5",
        "lodash": "4.17.15",
        "merge-graphql-schemas": "1.7.0",
        "normalize-path": "3.0.0",
        "ts-morph": "3.1.3",
        "type-graphql": "^0.17.3",
        "uuid": "3.3.3"
      }
    },
    "@nodelib/fs.scandir": {
      "version": "2.1.2",
      "resolved": "https://registry.npmjs.org/@nodelib/fs.scandir/-/fs.scandir-2.1.2.tgz",
      "integrity": "sha512-wrIBsjA5pl13f0RN4Zx4FNWmU71lv03meGKnqRUoCyan17s4V3WL92f3w3AIuWbNnpcrQyFBU5qMavJoB8d27w==",
      "dev": true,
      "requires": {
        "@nodelib/fs.stat": "2.0.2",
        "run-parallel": "^1.1.9"
      }
    },
    "@nodelib/fs.stat": {
      "version": "2.0.2",
      "resolved": "https://registry.npmjs.org/@nodelib/fs.stat/-/fs.stat-2.0.2.tgz",
      "integrity": "sha512-z8+wGWV2dgUhLqrtRYa03yDx4HWMvXKi1z8g3m2JyxAx8F7xk74asqPk5LAETjqDSGLFML/6CDl0+yFunSYicw==",
      "dev": true
    },
    "@nodelib/fs.walk": {
      "version": "1.2.3",
      "resolved": "https://registry.npmjs.org/@nodelib/fs.walk/-/fs.walk-1.2.3.tgz",
      "integrity": "sha512-l6t8xEhfK9Sa4YO5mIRdau7XSOADfmh3jCr0evNHdY+HNkW6xuQhgMH7D73VV6WpZOagrW0UludvMTiifiwTfA==",
      "dev": true,
      "requires": {
        "@nodelib/fs.scandir": "2.1.2",
        "fastq": "^1.6.0"
      }
    },
    "@types/events": {
      "version": "3.0.0",
      "resolved": "https://registry.npmjs.org/@types/events/-/events-3.0.0.tgz",
      "integrity": "sha512-EaObqwIvayI5a8dCzhFrjKzVwKLxjoG9T6Ppd5CEo07LRKfQ8Yokw54r5+Wq7FaBQ+yXRvQAYPrHwya1/UFt9g==",
      "dev": true
    },
    "@types/glob": {
      "version": "7.1.1",
      "resolved": "https://registry.npmjs.org/@types/glob/-/glob-7.1.1.tgz",
      "integrity": "sha512-1Bh06cbWJUHMC97acuD6UMG29nMt0Aqz1vF3guLfG+kHHJhy3AyohZFFxYk2f7Q1SQIrNwvncxAE0N/9s70F2w==",
      "dev": true,
      "requires": {
        "@types/events": "*",
        "@types/minimatch": "*",
        "@types/node": "*"
      }
    },
    "@types/graphql": {
      "version": "14.2.3",
      "resolved": "https://registry.npmjs.org/@types/graphql/-/graphql-14.2.3.tgz",
      "integrity": "sha512-UoCovaxbJIxagCvVfalfK7YaNhmxj3BQFRQ2RHQKLiu+9wNXhJnlbspsLHt/YQM99IaLUUFJNzCwzc6W0ypMeQ==",
      "dev": true
    },
    "@types/minimatch": {
      "version": "3.0.3",
      "resolved": "https://registry.npmjs.org/@types/minimatch/-/minimatch-3.0.3.tgz",
      "integrity": "sha512-tHq6qdbT9U1IRSGf14CL0pUlULksvY9OZ+5eEgl1N7t+OA3tGvNpxJCzuKQlsNgCVwbAs670L1vcVQi8j9HjnA==",
      "dev": true
    },
    "@types/node": {
      "version": "12.7.5",
      "resolved": "https://registry.npmjs.org/@types/node/-/node-12.7.5.tgz",
      "integrity": "sha512-9fq4jZVhPNW8r+UYKnxF1e2HkDWOWKM5bC2/7c9wPV835I0aOrVbS/Hw/pWPk2uKrNXQqg9Z959Kz+IYDd5p3w==",
      "dev": true
    },
    "@types/semver": {
      "version": "6.0.2",
      "resolved": "https://registry.npmjs.org/@types/semver/-/semver-6.0.2.tgz",
      "integrity": "sha512-G1Ggy7/9Nsa1Jt2yiBR2riEuyK2DFNnqow6R7cromXPMNynackRY1vqFTLz/gwnef1LHokbXThcPhqMRjUbkpQ==",
      "dev": true,
      "optional": true
    },
    "@types/validator": {
      "version": "10.11.2",
      "resolved": "https://registry.npmjs.org/@types/validator/-/validator-10.11.2.tgz",
      "integrity": "sha512-k/ju1RsdP5ACFUWebqsyEy0avP5uNJCs2p3pmTHzOZdd4gMSAJTq7iUEHFY3tt3emBrPTm6oGvfZ4SzcqOgLPQ==",
      "dev": true,
      "optional": true
    },
    "@wry/equality": {
      "version": "0.1.9",
      "resolved": "https://registry.npmjs.org/@wry/equality/-/equality-0.1.9.tgz",
      "integrity": "sha512-mB6ceGjpMGz1ZTza8HYnrPGos2mC6So4NhS1PtZ8s4Qt0K7fBiIGhpSxUbQmhwcSWE3no+bYxmI2OL6KuXYmoQ==",
      "dev": true,
      "requires": {
        "tslib": "^1.9.3"
      }
    },
    "aggregate-error": {
      "version": "3.0.0",
      "resolved": "https://registry.npmjs.org/aggregate-error/-/aggregate-error-3.0.0.tgz",
      "integrity": "sha512-yKD9kEoJIR+2IFqhMwayIBgheLYbB3PS2OBhWae1L/ODTd/JF/30cW0bc9TqzRL3k4U41Dieu3BF4I29p8xesA==",
      "dev": true,
      "requires": {
        "clean-stack": "^2.0.0",
        "indent-string": "^3.2.0"
      }
    },
    "anymatch": {
      "version": "3.1.0",
      "resolved": "https://registry.npmjs.org/anymatch/-/anymatch-3.1.0.tgz",
      "integrity": "sha512-Ozz7l4ixzI7Oxj2+cw+p0tVUt27BpaJ+1+q1TCeANWxHpvyn2+Un+YamBdfKu0uh8xLodGhoa1v7595NhKDAuA==",
      "dev": true,
      "requires": {
        "normalize-path": "^3.0.0",
        "picomatch": "^2.0.4"
      }
    },
    "apollo-link": {
      "version": "1.2.13",
      "resolved": "https://registry.npmjs.org/apollo-link/-/apollo-link-1.2.13.tgz",
      "integrity": "sha512-+iBMcYeevMm1JpYgwDEIDt/y0BB7VWyvlm/7x+TIPNLHCTCMgcEgDuW5kH86iQZWo0I7mNwQiTOz+/3ShPFmBw==",
      "dev": true,
      "requires": {
        "apollo-utilities": "^1.3.0",
        "ts-invariant": "^0.4.0",
        "tslib": "^1.9.3",
        "zen-observable-ts": "^0.8.20"
      }
    },
    "apollo-utilities": {
      "version": "1.3.2",
      "resolved": "https://registry.npmjs.org/apollo-utilities/-/apollo-utilities-1.3.2.tgz",
      "integrity": "sha512-JWNHj8XChz7S4OZghV6yc9FNnzEXj285QYp/nLNh943iObycI5GTDO3NGR9Dth12LRrSFMeDOConPfPln+WGfg==",
      "dev": true,
      "requires": {
        "@wry/equality": "^0.1.2",
        "fast-json-stable-stringify": "^2.0.0",
        "ts-invariant": "^0.4.0",
        "tslib": "^1.9.3"
      }
    },
    "array-differ": {
      "version": "3.0.0",
      "resolved": "https://registry.npmjs.org/array-differ/-/array-differ-3.0.0.tgz",
      "integrity": "sha512-THtfYS6KtME/yIAhKjZ2ul7XI96lQGHRputJQHO80LAWQnuGP4iCIN8vdMRboGbIEYBwU33q8Tch1os2+X0kMg==",
      "dev": true
    },
    "array-union": {
      "version": "2.1.0",
      "resolved": "https://registry.npmjs.org/array-union/-/array-union-2.1.0.tgz",
      "integrity": "sha512-HGyxoOTYUyCM6stUe6EJgnd4EoewAI7zMdfqO+kGjnlZmBDz/cR5pf8r/cR4Wq60sL/p0IkcjUEEPwS3GFrIyw==",
      "dev": true
    },
    "arrify": {
      "version": "2.0.1",
      "resolved": "https://registry.npmjs.org/arrify/-/arrify-2.0.1.tgz",
      "integrity": "sha512-3duEwti880xqi4eAMN8AyR4a0ByT90zoYdLlevfrvU43vb0YZwZVfxOgxWrLXXXpyugL0hNZc9G6BiB5B3nUug==",
      "dev": true
    },
    "asyncro": {
      "version": "3.0.0",
      "resolved": "https://registry.npmjs.org/asyncro/-/asyncro-3.0.0.tgz",
      "integrity": "sha512-nEnWYfrBmA3taTiuiOoZYmgJ/CNrSoQLeLs29SeLcPu60yaw/mHDBHV0iOZ051fTvsTHxpCY+gXibqT9wbQYfg==",
      "dev": true
    },
    "balanced-match": {
      "version": "1.0.0",
      "resolved": "https://registry.npmjs.org/balanced-match/-/balanced-match-1.0.0.tgz",
      "integrity": "sha1-ibTRmasr7kneFk6gK4nORi1xt2c=",
      "dev": true
    },
    "binary-extensions": {
      "version": "2.0.0",
      "resolved": "https://registry.npmjs.org/binary-extensions/-/binary-extensions-2.0.0.tgz",
      "integrity": "sha512-Phlt0plgpIIBOGTT/ehfFnbNlfsDEiqmzE2KRXoX1bLIlir4X/MR+zSyBEkL05ffWgnRSf/DXv+WrUAVr93/ow==",
      "dev": true
    },
    "brace-expansion": {
      "version": "1.1.11",
      "resolved": "https://registry.npmjs.org/brace-expansion/-/brace-expansion-1.1.11.tgz",
      "integrity": "sha512-iCuPHDFgrHX7H2vEI/5xpz07zSHB00TpugqhmYtVmMO6518mCuRMoOYFldEBl0g187ufozdaHgWKcYFb61qGiA==",
      "dev": true,
      "requires": {
        "balanced-match": "^1.0.0",
        "concat-map": "0.0.1"
      }
    },
    "braces": {
      "version": "3.0.2",
      "resolved": "https://registry.npmjs.org/braces/-/braces-3.0.2.tgz",
      "integrity": "sha512-b8um+L1RzM3WDSzvhm6gIz1yfTbBt6YTlcEKAvsmqCZZFw46z626lVj9j1yEPW33H5H+lBQpZMP1k8l+78Ha0A==",
      "dev": true,
      "requires": {
        "fill-range": "^7.0.1"
      }
    },
    "chokidar": {
      "version": "3.0.2",
      "resolved": "https://registry.npmjs.org/chokidar/-/chokidar-3.0.2.tgz",
      "integrity": "sha512-c4PR2egjNjI1um6bamCQ6bUNPDiyofNQruHvKgHQ4gDUP/ITSVSzNsiI5OWtHOsX323i5ha/kk4YmOZ1Ktg7KA==",
      "dev": true,
      "requires": {
        "anymatch": "^3.0.1",
        "braces": "^3.0.2",
        "fsevents": "^2.0.6",
        "glob-parent": "^5.0.0",
        "is-binary-path": "^2.1.0",
        "is-glob": "^4.0.1",
        "normalize-path": "^3.0.0",
        "readdirp": "^3.1.1"
      }
    },
    "class-validator": {
      "version": "0.10.0",
      "resolved": "https://registry.npmjs.org/class-validator/-/class-validator-0.10.0.tgz",
      "integrity": "sha512-RvjxRlvoCvM/ojUq11j78ISpReGdBoMErdmDk1e27aQZK6ppSXq751UE6jB9JI7ayEnL6Nnmllzn/HXVSu3dmg==",
      "dev": true,
      "optional": true,
      "requires": {
        "@types/validator": "10.11.2",
        "google-libphonenumber": "^3.1.6",
        "validator": "11.1.0"
      }
    },
    "clean-stack": {
      "version": "2.2.0",
      "resolved": "https://registry.npmjs.org/clean-stack/-/clean-stack-2.2.0.tgz",
      "integrity": "sha512-4diC9HaTE+KRAMWhDhrGOECgWZxoevMc5TlkObMqNSsVU62PYzXZ/SMTjzyGAFF1YusgxGcSWTEXBhp0CPwQ1A==",
      "dev": true
    },
    "code-block-writer": {
      "version": "9.4.1",
      "resolved": "https://registry.npmjs.org/code-block-writer/-/code-block-writer-9.4.1.tgz",
      "integrity": "sha512-LHAB+DL4YZDcwK8y/kAxZ0Lf/ncwLh/Ux4cTVWbPwIdrf1gPxXiPcwpz8r8/KqXu1aD+Raz46EOxDjFlbyO6bA==",
      "dev": true
    },
    "concat-map": {
      "version": "0.0.1",
      "resolved": "https://registry.npmjs.org/concat-map/-/concat-map-0.0.1.tgz",
      "integrity": "sha1-2Klr13/Wjfd5OnMDajug1UBdR3s=",
      "dev": true
    },
    "cross-fetch": {
      "version": "3.0.4",
      "resolved": "https://registry.npmjs.org/cross-fetch/-/cross-fetch-3.0.4.tgz",
      "integrity": "sha512-MSHgpjQqgbT/94D4CyADeNoYh52zMkCX4pcJvPP5WqPsLFMKjr2TCMg381ox5qI0ii2dPwaLx/00477knXqXVw==",
      "dev": true,
      "requires": {
        "node-fetch": "2.6.0",
        "whatwg-fetch": "3.0.0"
      }
    },
    "deepmerge": {
      "version": "4.0.0",
      "resolved": "https://registry.npmjs.org/deepmerge/-/deepmerge-4.0.0.tgz",
      "integrity": "sha512-YZ1rOP5+kHor4hMAH+HRQnBQHg+wvS1un1hAOuIcxcBy0hzcUf6Jg2a1w65kpoOUnurOfZbERwjI1TfZxNjcww==",
      "dev": true
    },
    "deprecated-decorator": {
      "version": "0.1.6",
      "resolved": "https://registry.npmjs.org/deprecated-decorator/-/deprecated-decorator-0.1.6.tgz",
      "integrity": "sha1-AJZjF7ehL+kvPMgx91g68ym4bDc=",
      "dev": true
    },
    "dir-glob": {
      "version": "3.0.1",
      "resolved": "https://registry.npmjs.org/dir-glob/-/dir-glob-3.0.1.tgz",
      "integrity": "sha512-WkrWp9GR4KXfKGYzOLmTuGVi1UWFfws377n9cc55/tb6DuqyF6pcQ5AbiHEshaDpY9v6oaSr2XCDidGmMwdzIA==",
      "dev": true,
      "requires": {
        "path-type": "^4.0.0"
      }
    },
    "fast-glob": {
      "version": "3.0.4",
      "resolved": "https://registry.npmjs.org/fast-glob/-/fast-glob-3.0.4.tgz",
      "integrity": "sha512-wkIbV6qg37xTJwqSsdnIphL1e+LaGz4AIQqr00mIubMaEhv1/HEmJ0uuCGZRNRUkZZmOB5mJKO0ZUTVq+SxMQg==",
      "dev": true,
      "requires": {
        "@nodelib/fs.stat": "^2.0.1",
        "@nodelib/fs.walk": "^1.2.1",
        "glob-parent": "^5.0.0",
        "is-glob": "^4.0.1",
        "merge2": "^1.2.3",
        "micromatch": "^4.0.2"
      }
    },
    "fast-json-stable-stringify": {
      "version": "2.0.0",
      "resolved": "https://registry.npmjs.org/fast-json-stable-stringify/-/fast-json-stable-stringify-2.0.0.tgz",
      "integrity": "sha1-1RQsDK7msRifh9OnYREGT4bIu/I=",
      "dev": true
    },
    "fastq": {
      "version": "1.6.0",
      "resolved": "https://registry.npmjs.org/fastq/-/fastq-1.6.0.tgz",
      "integrity": "sha512-jmxqQ3Z/nXoeyDmWAzF9kH1aGZSis6e/SbfPmJpUnyZ0ogr6iscHQaml4wsEepEWSdtmpy+eVXmCRIMpxaXqOA==",
      "dev": true,
      "requires": {
        "reusify": "^1.0.0"
      }
    },
    "fill-range": {
      "version": "7.0.1",
      "resolved": "https://registry.npmjs.org/fill-range/-/fill-range-7.0.1.tgz",
      "integrity": "sha512-qOo9F+dMUmC2Lcb4BbVvnKJxTPjCm+RRpe4gDuGrzkL7mEVl/djYSu2OdQ2Pa302N4oqkSg9ir6jaLWJ2USVpQ==",
      "dev": true,
      "requires": {
        "to-regex-range": "^5.0.1"
      }
    },
    "fs-extra": {
      "version": "8.1.0",
      "resolved": "https://registry.npmjs.org/fs-extra/-/fs-extra-8.1.0.tgz",
      "integrity": "sha512-yhlQgA6mnOJUKOsRUFsgJdQCvkKhcz8tlZG5HBQfReYZy46OwLcY+Zia0mtdHsOo9y/hP+CxMN0TU9QxoOtG4g==",
      "dev": true,
      "requires": {
        "graceful-fs": "^4.2.0",
        "jsonfile": "^4.0.0",
        "universalify": "^0.1.0"
      }
    },
    "fs.realpath": {
      "version": "1.0.0",
      "resolved": "https://registry.npmjs.org/fs.realpath/-/fs.realpath-1.0.0.tgz",
      "integrity": "sha1-FQStJSMVjKpA20onh8sBQRmU6k8=",
      "dev": true
    },
    "fsevents": {
      "version": "2.0.7",
      "resolved": "https://registry.npmjs.org/fsevents/-/fsevents-2.0.7.tgz",
      "integrity": "sha512-a7YT0SV3RB+DjYcppwVDLtn13UQnmg0SWZS7ezZD0UjnLwXmy8Zm21GMVGLaFGimIqcvyMQaOJBrop8MyOp1kQ==",
      "dev": true,
      "optional": true
    },
    "glob": {
      "version": "7.1.4",
      "resolved": "https://registry.npmjs.org/glob/-/glob-7.1.4.tgz",
      "integrity": "sha512-hkLPepehmnKk41pUGm3sYxoFs/umurYfYJCerbXEyFIWcAzvpipAgVkBqqT9RBKMGjnq6kMuyYwha6csxbiM1A==",
      "dev": true,
      "requires": {
        "fs.realpath": "^1.0.0",
        "inflight": "^1.0.4",
        "inherits": "2",
        "minimatch": "^3.0.4",
        "once": "^1.3.0",
        "path-is-absolute": "^1.0.0"
      }
    },
    "glob-parent": {
      "version": "5.0.0",
      "resolved": "https://registry.npmjs.org/glob-parent/-/glob-parent-5.0.0.tgz",
      "integrity": "sha512-Z2RwiujPRGluePM6j699ktJYxmPpJKCfpGA13jz2hmFZC7gKetzrWvg5KN3+OsIFmydGyZ1AVwERCq1w/ZZwRg==",
      "dev": true,
      "requires": {
        "is-glob": "^4.0.1"
      }
    },
    "globby": {
      "version": "10.0.1",
      "resolved": "https://registry.npmjs.org/globby/-/globby-10.0.1.tgz",
      "integrity": "sha512-sSs4inE1FB2YQiymcmTv6NWENryABjUNPeWhOvmn4SjtKybglsyPZxFB3U1/+L1bYi0rNZDqCLlHyLYDl1Pq5A==",
      "dev": true,
      "requires": {
        "@types/glob": "^7.1.1",
        "array-union": "^2.1.0",
        "dir-glob": "^3.0.1",
        "fast-glob": "^3.0.3",
        "glob": "^7.1.3",
        "ignore": "^5.1.1",
        "merge2": "^1.2.3",
        "slash": "^3.0.0"
      }
    },
    "google-libphonenumber": {
      "version": "3.2.5",
      "resolved": "https://registry.npmjs.org/google-libphonenumber/-/google-libphonenumber-3.2.5.tgz",
      "integrity": "sha512-Y0r7MFCI11UDLn0KaMPBEInhROyIOkWkQIyvWMFVF2I+h+sHE3vbl5a7FVe39td6u/w+nlKDdUMP9dMOZyv+2Q==",
      "dev": true,
      "optional": true
    },
    "graceful-fs": {
      "version": "4.2.2",
      "resolved": "https://registry.npmjs.org/graceful-fs/-/graceful-fs-4.2.2.tgz",
      "integrity": "sha512-IItsdsea19BoLC7ELy13q1iJFNmd7ofZH5+X/pJr90/nRoPEX0DJo1dHDbgtYWOhJhcCgMDTOw84RZ72q6lB+Q==",
      "dev": true
    },
    "graphql-import": {
      "version": "0.7.1",
      "resolved": "https://registry.npmjs.org/graphql-import/-/graphql-import-0.7.1.tgz",
      "integrity": "sha512-YpwpaPjRUVlw2SN3OPljpWbVRWAhMAyfSba5U47qGMOSsPLi2gYeJtngGpymjm9nk57RFWEpjqwh4+dpYuFAPw==",
      "dev": true,
      "requires": {
        "lodash": "^4.17.4",
        "resolve-from": "^4.0.0"
      }
    },
    "graphql-query-complexity": {
      "version": "0.3.0",
      "resolved": "https://registry.npmjs.org/graphql-query-complexity/-/graphql-query-complexity-0.3.0.tgz",
      "integrity": "sha512-JVqHT81Eh9O17iOjs1r1qzsh5YY2upfA3zoUsQGggT4d+1hajWitk4GQQY5SZtq5eul7y6jMsM9qRUSOAKhDJQ==",
      "dev": true,
      "optional": true,
      "requires": {
        "lodash.get": "^4.4.2"
      }
    },
    "graphql-subscriptions": {
      "version": "1.1.0",
      "resolved": "https://registry.npmjs.org/graphql-subscriptions/-/graphql-subscriptions-1.1.0.tgz",
      "integrity": "sha512-6WzlBFC0lWmXJbIVE8OgFgXIP4RJi3OQgTPa0DVMsDXdpRDjTsM1K9wfl5HSYX7R87QAGlvcv2Y4BIZa/ItonA==",
      "dev": true,
      "optional": true,
      "requires": {
        "iterall": "^1.2.1"
      }
    },
    "graphql-toolkit": {
      "version": "0.5.0",
      "resolved": "https://registry.npmjs.org/graphql-toolkit/-/graphql-toolkit-0.5.0.tgz",
      "integrity": "sha512-tBgqyWPHI/Pgt+jp+uLZZy2EBCzjd6yWAu73oUlmrhgg7XM6f1ONotVHvIO2MK7j8khR+ex/cUe8FgpS1i845w==",
      "dev": true,
      "requires": {
        "@kamilkisiela/graphql-tools": "4.0.6",
        "@types/glob": "7.1.1",
        "aggregate-error": "3.0.0",
        "asyncro": "^3.0.0",
        "cross-fetch": "^3.0.4",
        "deepmerge": "4.0.0",
        "glob": "7.1.4",
        "graphql-import": "0.7.1",
        "is-glob": "4.0.1",
        "is-valid-path": "0.1.1",
        "lodash": "4.17.15",
        "tslib": "^1.9.3",
        "valid-url": "1.0.9"
      }
    },
    "graphql-tools": {
      "version": "4.0.5",
      "resolved": "https://registry.npmjs.org/graphql-tools/-/graphql-tools-4.0.5.tgz",
      "integrity": "sha512-kQCh3IZsMqquDx7zfIGWBau42xe46gmqabwYkpPlCLIjcEY1XK+auP7iGRD9/205BPyoQdY8hT96MPpgERdC9Q==",
      "dev": true,
      "requires": {
        "apollo-link": "^1.2.3",
        "apollo-utilities": "^1.0.1",
        "deprecated-decorator": "^0.1.6",
        "iterall": "^1.1.3",
        "uuid": "^3.1.0"
      }
    },
    "i18next": {
      "version": "17.0.16",
      "resolved": "https://registry.npmjs.org/i18next/-/i18next-17.0.16.tgz",
      "integrity": "sha512-PtPiycw8H/45AAy2nuS3Ehov1X9k5V/gTJ89Uh8VAA3dx8EbsWwyP3c25fd4PWlLUey3YbRLTNPbre/dPho8Og==",
      "dev": true,
      "requires": {
        "@babel/runtime": "^7.3.1"
      }
    },
    "ignore": {
      "version": "5.1.4",
      "resolved": "https://registry.npmjs.org/ignore/-/ignore-5.1.4.tgz",
      "integrity": "sha512-MzbUSahkTW1u7JpKKjY7LCARd1fU5W2rLdxlM4kdkayuCwZImjkpluF9CM1aLewYJguPDqewLam18Y6AU69A8A==",
      "dev": true
    },
    "indent-string": {
      "version": "3.2.0",
      "resolved": "https://registry.npmjs.org/indent-string/-/indent-string-3.2.0.tgz",
      "integrity": "sha1-Sl/W0nzDMvN+VBmlBNu4NxBckok=",
      "dev": true
    },
    "inflight": {
      "version": "1.0.6",
      "resolved": "https://registry.npmjs.org/inflight/-/inflight-1.0.6.tgz",
      "integrity": "sha1-Sb1jMdfQLQwJvJEKEHW6gWW1bfk=",
      "dev": true,
      "requires": {
        "once": "^1.3.0",
        "wrappy": "1"
      }
    },
    "inherits": {
      "version": "2.0.4",
      "resolved": "https://registry.npmjs.org/inherits/-/inherits-2.0.4.tgz",
      "integrity": "sha512-k/vGaX4/Yla3WzyMCvTQOXYeIHvqOKtnqBduzTHpzpQZzAskKMhZ2K+EnBiSM9zGSoIFeMpXKxa4dYeZIQqewQ==",
      "dev": true
    },
    "is-absolute": {
      "version": "1.0.0",
      "resolved": "https://registry.npmjs.org/is-absolute/-/is-absolute-1.0.0.tgz",
      "integrity": "sha512-dOWoqflvcydARa360Gvv18DZ/gRuHKi2NU/wU5X1ZFzdYfH29nkiNZsF3mp4OJ3H4yo9Mx8A/uAGNzpzPN3yBA==",
      "dev": true,
      "requires": {
        "is-relative": "^1.0.0",
        "is-windows": "^1.0.1"
      }
    },
    "is-binary-path": {
      "version": "2.1.0",
      "resolved": "https://registry.npmjs.org/is-binary-path/-/is-binary-path-2.1.0.tgz",
      "integrity": "sha512-ZMERYes6pDydyuGidse7OsHxtbI7WVeUEozgR/g7rd0xUimYNlvZRE/K2MgZTjWy725IfelLeVcEM97mmtRGXw==",
      "dev": true,
      "requires": {
        "binary-extensions": "^2.0.0"
      }
    },
    "is-extglob": {
      "version": "2.1.1",
      "resolved": "https://registry.npmjs.org/is-extglob/-/is-extglob-2.1.1.tgz",
      "integrity": "sha1-qIwCU1eR8C7TfHahueqXc8gz+MI=",
      "dev": true
    },
    "is-glob": {
      "version": "4.0.1",
      "resolved": "https://registry.npmjs.org/is-glob/-/is-glob-4.0.1.tgz",
      "integrity": "sha512-5G0tKtBTFImOqDnLB2hG6Bp2qcKEFduo4tZu9MT/H6NQv/ghhy30o55ufafxJ/LdH79LLs2Kfrn85TLKyA7BUg==",
      "dev": true,
      "requires": {
        "is-extglob": "^2.1.1"
      }
    },
    "is-invalid-path": {
      "version": "0.1.0",
      "resolved": "https://registry.npmjs.org/is-invalid-path/-/is-invalid-path-0.1.0.tgz",
      "integrity": "sha1-MHqFWzzxqTi0TqcNLGEQYFNxTzQ=",
      "dev": true,
      "requires": {
        "is-glob": "^2.0.0"
      },
      "dependencies": {
        "is-extglob": {
          "version": "1.0.0",
          "resolved": "https://registry.npmjs.org/is-extglob/-/is-extglob-1.0.0.tgz",
          "integrity": "sha1-rEaBd8SUNAWgkvyPKXYMb/xiBsA=",
          "dev": true
        },
        "is-glob": {
          "version": "2.0.1",
          "resolved": "https://registry.npmjs.org/is-glob/-/is-glob-2.0.1.tgz",
          "integrity": "sha1-0Jb5JqPe1WAPP9/ZEZjLCIjC2GM=",
          "dev": true,
          "requires": {
            "is-extglob": "^1.0.0"
          }
        }
      }
    },
    "is-negated-glob": {
      "version": "1.0.0",
      "resolved": "https://registry.npmjs.org/is-negated-glob/-/is-negated-glob-1.0.0.tgz",
      "integrity": "sha1-aRC8pdqMleeEtXUbl2z1oQ/uNtI=",
      "dev": true
    },
    "is-number": {
      "version": "7.0.0",
      "resolved": "https://registry.npmjs.org/is-number/-/is-number-7.0.0.tgz",
      "integrity": "sha512-41Cifkg6e8TylSpdtTpeLVMqvSBEVzTttHvERD741+pnZ8ANv0004MRL43QKPDlK9cGvNp6NZWZUBlbGXYxxng==",
      "dev": true
    },
    "is-relative": {
      "version": "1.0.0",
      "resolved": "https://registry.npmjs.org/is-relative/-/is-relative-1.0.0.tgz",
      "integrity": "sha512-Kw/ReK0iqwKeu0MITLFuj0jbPAmEiOsIwyIXvvbfa6QfmN9pkD1M+8pdk7Rl/dTKbH34/XBFMbgD4iMJhLQbGA==",
      "dev": true,
      "requires": {
        "is-unc-path": "^1.0.0"
      }
    },
    "is-unc-path": {
      "version": "1.0.0",
      "resolved": "https://registry.npmjs.org/is-unc-path/-/is-unc-path-1.0.0.tgz",
      "integrity": "sha512-mrGpVd0fs7WWLfVsStvgF6iEJnbjDFZh9/emhRDcGWTduTfNHd9CHeUwH3gYIjdbwo4On6hunkztwOaAw0yllQ==",
      "dev": true,
      "requires": {
        "unc-path-regex": "^0.1.2"
      }
    },
    "is-valid-path": {
      "version": "0.1.1",
      "resolved": "https://registry.npmjs.org/is-valid-path/-/is-valid-path-0.1.1.tgz",
      "integrity": "sha1-EQ+f90w39mPh7HkV60UfLbk6yd8=",
      "dev": true,
      "requires": {
        "is-invalid-path": "^0.1.0"
      }
    },
    "is-windows": {
      "version": "1.0.2",
      "resolved": "https://registry.npmjs.org/is-windows/-/is-windows-1.0.2.tgz",
      "integrity": "sha512-eXK1UInq2bPmjyX6e3VHIzMLobc4J94i4AWn+Hpq3OU5KkrRC96OAcR3PRJ/pGu6m8TRnBHP9dkXQVsT/COVIA==",
      "dev": true
    },
    "iterall": {
      "version": "1.2.2",
      "resolved": "https://registry.npmjs.org/iterall/-/iterall-1.2.2.tgz",
      "integrity": "sha512-yynBb1g+RFUPY64fTrFv7nsjRrENBQJaX2UL+2Szc9REFrSNm1rpSXHGzhmAy7a9uv3vlvgBlXnf9RqmPH1/DA==",
      "dev": true
    },
    "jsonfile": {
      "version": "4.0.0",
      "resolved": "https://registry.npmjs.org/jsonfile/-/jsonfile-4.0.0.tgz",
      "integrity": "sha1-h3Gq4HmbZAdrdmQPygWPnBDjPss=",
      "dev": true,
      "requires": {
        "graceful-fs": "^4.1.6"
      }
    },
    "lodash": {
      "version": "4.17.15",
      "resolved": "https://registry.npmjs.org/lodash/-/lodash-4.17.15.tgz",
      "integrity": "sha512-8xOcRHvCjnocdS5cpwXQXVzmmh5e5+saE2QGoeQmbKmRS6J3VQppPOIt0MnmE+4xlZoumy0GPG0D0MVIQbNA1A==",
      "dev": true
    },
    "lodash.get": {
      "version": "4.4.2",
      "resolved": "https://registry.npmjs.org/lodash.get/-/lodash.get-4.4.2.tgz",
      "integrity": "sha1-LRd/ZS+jHpObRDjVNBSZ36OCXpk=",
      "dev": true,
      "optional": true
    },
    "merge-graphql-schemas": {
      "version": "1.7.0",
      "resolved": "https://registry.npmjs.org/merge-graphql-schemas/-/merge-graphql-schemas-1.7.0.tgz",
      "integrity": "sha512-uxErpYVjlf91eTBdwHxVEwKtaosmmEHMJaQfe35XHwOEpUfhA9OFbYKRfZX5jUUS53xMnk203HDAl/u0EfjP7A==",
      "dev": true,
      "requires": {
        "graphql-toolkit": "0.5.0",
        "tslib": "1.10.0"
      }
    },
    "merge2": {
      "version": "1.3.0",
      "resolved": "https://registry.npmjs.org/merge2/-/merge2-1.3.0.tgz",
      "integrity": "sha512-2j4DAdlBOkiSZIsaXk4mTE3sRS02yBHAtfy127xRV3bQUFqXkjHCHLW6Scv7DwNRbIWNHH8zpnz9zMaKXIdvYw==",
      "dev": true
    },
    "micromatch": {
      "version": "4.0.2",
      "resolved": "https://registry.npmjs.org/micromatch/-/micromatch-4.0.2.tgz",
      "integrity": "sha512-y7FpHSbMUMoyPbYUSzO6PaZ6FyRnQOpHuKwbo1G+Knck95XVU4QAiKdGEnj5wwoS7PlOgthX/09u5iFJ+aYf5Q==",
      "dev": true,
      "requires": {
        "braces": "^3.0.1",
        "picomatch": "^2.0.5"
      }
    },
    "minimatch": {
      "version": "3.0.4",
      "resolved": "https://registry.npmjs.org/minimatch/-/minimatch-3.0.4.tgz",
      "integrity": "sha512-yJHVQEhyqPLUTgt9B83PXu6W3rx4MvvHvSUvToogpwoGDOUQ+yDrR0HRot+yOCdCO7u4hX3pWft6kWBBcqh0UA==",
      "dev": true,
      "requires": {
        "brace-expansion": "^1.1.7"
      }
    },
    "multimatch": {
      "version": "4.0.0",
      "resolved": "https://registry.npmjs.org/multimatch/-/multimatch-4.0.0.tgz",
      "integrity": "sha512-lDmx79y1z6i7RNx0ZGCPq1bzJ6ZoDDKbvh7jxr9SJcWLkShMzXrHbYVpTdnhNM5MXpDUxCQ4DgqVttVXlBgiBQ==",
      "dev": true,
      "requires": {
        "@types/minimatch": "^3.0.3",
        "array-differ": "^3.0.0",
        "array-union": "^2.1.0",
        "arrify": "^2.0.1",
        "minimatch": "^3.0.4"
      }
    },
    "node-fetch": {
      "version": "2.6.0",
      "resolved": "https://registry.npmjs.org/node-fetch/-/node-fetch-2.6.0.tgz",
      "integrity": "sha512-8dG4H5ujfvFiqDmVu9fQ5bOHUC15JMjMY/Zumv26oOvvVJjM67KF8koCWIabKQ1GJIa9r2mMZscBq/TbdOcmNA==",
      "dev": true
    },
    "normalize-path": {
      "version": "3.0.0",
      "resolved": "https://registry.npmjs.org/normalize-path/-/normalize-path-3.0.0.tgz",
      "integrity": "sha512-6eZs5Ls3WtCisHWp9S2GUy8dqkpGi4BVSz3GaqiE6ezub0512ESztXUwUB6C6IKbQkY2Pnb/mD4WYojCRwcwLA==",
      "dev": true
    },
    "once": {
      "version": "1.4.0",
      "resolved": "https://registry.npmjs.org/once/-/once-1.4.0.tgz",
      "integrity": "sha1-WDsap3WWHUsROsF9nFC6753Xa9E=",
      "dev": true,
      "requires": {
        "wrappy": "1"
      }
    },
    "path-is-absolute": {
      "version": "1.0.1",
      "resolved": "https://registry.npmjs.org/path-is-absolute/-/path-is-absolute-1.0.1.tgz",
      "integrity": "sha1-F0uSaHNVNP+8es5r9TpanhtcX18=",
      "dev": true
    },
    "path-type": {
      "version": "4.0.0",
      "resolved": "https://registry.npmjs.org/path-type/-/path-type-4.0.0.tgz",
      "integrity": "sha512-gDKb8aZMDeD/tZWs9P6+q0J9Mwkdl6xMV8TjnGP3qJVJ06bdMgkbBlLU8IdfOsIsFz2BW1rNVT3XuNEl8zPAvw==",
      "dev": true
    },
    "picomatch": {
      "version": "2.0.7",
      "resolved": "https://registry.npmjs.org/picomatch/-/picomatch-2.0.7.tgz",
      "integrity": "sha512-oLHIdio3tZ0qH76NybpeneBhYVj0QFTfXEFTc/B3zKQspYfYYkWYgFsmzo+4kvId/bQRcNkVeguI3y+CD22BtA==",
      "dev": true
    },
    "readdirp": {
      "version": "3.1.2",
      "resolved": "https://registry.npmjs.org/readdirp/-/readdirp-3.1.2.tgz",
      "integrity": "sha512-8rhl0xs2cxfVsqzreYCvs8EwBfn/DhVdqtoLmw19uI3SC5avYX9teCurlErfpPXGmYtMHReGaP2RsLnFvz/lnw==",
      "dev": true,
      "requires": {
        "picomatch": "^2.0.4"
      }
    },
    "regenerator-runtime": {
      "version": "0.13.3",
      "resolved": "https://registry.npmjs.org/regenerator-runtime/-/regenerator-runtime-0.13.3.tgz",
      "integrity": "sha512-naKIZz2GQ8JWh///G7L3X6LaQUAMp2lvb1rvwwsURe/VXwD6VMfr+/1NuNw3ag8v2kY1aQ/go5SNn79O9JU7yw==",
      "dev": true
    },
    "resolve-from": {
      "version": "4.0.0",
      "resolved": "https://registry.npmjs.org/resolve-from/-/resolve-from-4.0.0.tgz",
      "integrity": "sha512-pb/MYmXstAkysRFx8piNI1tGFNQIFA3vkE3Gq4EuA1dF6gHp/+vgZqsCGJapvy8N3Q+4o7FwvquPJcnZ7RYy4g==",
      "dev": true
    },
    "reusify": {
      "version": "1.0.4",
      "resolved": "https://registry.npmjs.org/reusify/-/reusify-1.0.4.tgz",
      "integrity": "sha512-U9nH88a3fc/ekCF1l0/UP1IosiuIjyTh7hBvXVMHYgVcfGvt897Xguj2UOLDeI5BG2m7/uwyaLVT6fbtCwTyzw==",
      "dev": true
    },
    "run-parallel": {
      "version": "1.1.9",
      "resolved": "https://registry.npmjs.org/run-parallel/-/run-parallel-1.1.9.tgz",
      "integrity": "sha512-DEqnSRTDw/Tc3FXf49zedI638Z9onwUotBMiUFKmrO2sdFKIbXamXGQ3Axd4qgphxKB4kw/qP1w5kTxnfU1B9Q==",
      "dev": true
    },
    "semver": {
      "version": "6.3.0",
      "resolved": "https://registry.npmjs.org/semver/-/semver-6.3.0.tgz",
      "integrity": "sha512-b39TBaTSfV6yBrapU89p5fKekE2m/NwnDocOVruQFS1/veMgdzuPcnOM34M6CwxW8jH/lxEa5rBoDeUwu5HHTw==",
      "dev": true,
      "optional": true
    },
    "slash": {
      "version": "3.0.0",
      "resolved": "https://registry.npmjs.org/slash/-/slash-3.0.0.tgz",
      "integrity": "sha512-g9Q1haeby36OSStwb4ntCGGGaKsaVSjQ68fBxoQcutl5fS1vuY18H3wSt3jFyFtrkx+Kz0V1G85A4MyAdDMi2Q==",
      "dev": true
    },
    "to-regex-range": {
      "version": "5.0.1",
      "resolved": "https://registry.npmjs.org/to-regex-range/-/to-regex-range-5.0.1.tgz",
      "integrity": "sha512-65P7iz6X5yEr1cwcgvQxbbIw7Uk3gOy5dIdtZ4rDveLqhrdJP+Li/Hx6tyK0NEb+2GCyneCMJiGqrADCSNk8sQ==",
      "dev": true,
      "requires": {
        "is-number": "^7.0.0"
      }
    },
    "ts-invariant": {
      "version": "0.4.4",
      "resolved": "https://registry.npmjs.org/ts-invariant/-/ts-invariant-0.4.4.tgz",
      "integrity": "sha512-uEtWkFM/sdZvRNNDL3Ehu4WVpwaulhwQszV8mrtcdeE8nN00BV9mAmQ88RkrBhFgl9gMgvjJLAQcZbnPXI9mlA==",
      "dev": true,
      "requires": {
        "tslib": "^1.9.3"
      }
    },
    "ts-morph": {
      "version": "3.1.3",
      "resolved": "https://registry.npmjs.org/ts-morph/-/ts-morph-3.1.3.tgz",
      "integrity": "sha512-CwjgyJTtd3f8vBi7Vr0IOgdOY6Wi/Tq0MhieXOE2B5ns5WWRD7BwMNHtv+ZufKI/S2U/lMrh+Q3bOauE4tsv2g==",
      "dev": true,
      "requires": {
        "@dsherret/to-absolute-glob": "^2.0.2",
        "code-block-writer": "9.4.1",
        "fs-extra": "^8.1.0",
        "glob-parent": "^5.0.0",
        "globby": "^10.0.1",
        "is-negated-glob": "^1.0.0",
        "multimatch": "^4.0.0",
        "typescript": "^3.0.1"
      }
    },
    "tslib": {
      "version": "1.10.0",
      "resolved": "https://registry.npmjs.org/tslib/-/tslib-1.10.0.tgz",
      "integrity": "sha512-qOebF53frne81cf0S9B41ByenJ3/IuH8yJKngAX35CmiZySA0khhkovshKK+jGCaMnVomla7gVlIcc3EvKPbTQ==",
      "dev": true
    },
    "type-graphql": {
      "version": "0.17.5",
      "resolved": "https://registry.npmjs.org/type-graphql/-/type-graphql-0.17.5.tgz",
      "integrity": "sha512-wscr63K0j9UKcX/nBTySamLd7nMZeYKmADk8A9sVmcPh+clNJUAw96784dg2VZn/sUdmN1y2AeKzmTjCfVB5sA==",
      "dev": true,
      "optional": true,
      "requires": {
        "@types/glob": "^7.1.1",
        "@types/node": "*",
        "@types/semver": "^6.0.1",
        "class-validator": ">=0.9.1",
        "glob": "^7.1.4",
        "graphql-query-complexity": "^0.3.0",
        "graphql-subscriptions": "^1.1.0",
        "semver": "^6.2.0",
        "tslib": "^1.10.0"
      }
    },
    "typescript": {
      "version": "3.6.3",
      "resolved": "https://registry.npmjs.org/typescript/-/typescript-3.6.3.tgz",
      "integrity": "sha512-N7bceJL1CtRQ2RiG0AQME13ksR7DiuQh/QehubYcghzv20tnh+MQnQIuJddTmsbqYj+dztchykemz0zFzlvdQw==",
      "dev": true
    },
    "unc-path-regex": {
      "version": "0.1.2",
      "resolved": "https://registry.npmjs.org/unc-path-regex/-/unc-path-regex-0.1.2.tgz",
      "integrity": "sha1-5z3T17DXxe2G+6xrCufYxqadUPo=",
      "dev": true
    },
    "universalify": {
      "version": "0.1.2",
      "resolved": "https://registry.npmjs.org/universalify/-/universalify-0.1.2.tgz",
      "integrity": "sha512-rBJeI5CXAlmy1pV+617WB9J63U6XcazHHF2f2dbJix4XzpUF0RS3Zbj0FGIOCAva5P/d/GBOYaACQ1w+0azUkg==",
      "dev": true
    },
    "uuid": {
      "version": "3.3.3",
      "resolved": "https://registry.npmjs.org/uuid/-/uuid-3.3.3.tgz",
      "integrity": "sha512-pW0No1RGHgzlpHJO1nsVrHKpOEIxkGg1xB+v0ZmdNH5OAeAwzAVrCnI2/6Mtx+Uys6iaylxa+D3g4j63IKKjSQ==",
      "dev": true
    },
    "valid-url": {
      "version": "1.0.9",
      "resolved": "https://registry.npmjs.org/valid-url/-/valid-url-1.0.9.tgz",
      "integrity": "sha1-HBRHm0DxOXp1eC8RXkCGRHQzogA=",
      "dev": true
    },
    "validator": {
      "version": "11.1.0",
      "resolved": "https://registry.npmjs.org/validator/-/validator-11.1.0.tgz",
      "integrity": "sha512-qiQ5ktdO7CD6C/5/mYV4jku/7qnqzjrxb3C/Q5wR3vGGinHTgJZN/TdFT3ZX4vXhX2R1PXx42fB1cn5W+uJ4lg==",
      "dev": true,
      "optional": true
    },
    "whatwg-fetch": {
      "version": "3.0.0",
      "resolved": "https://registry.npmjs.org/whatwg-fetch/-/whatwg-fetch-3.0.0.tgz",
      "integrity": "sha512-9GSJUgz1D4MfyKU7KRqwOjXCXTqWdFNvEr7eUBYchQiVc744mqK/MzXPNR2WsPkmkOa4ywfg8C2n8h+13Bey1Q==",
      "dev": true
    },
    "wrappy": {
      "version": "1.0.2",
      "resolved": "https://registry.npmjs.org/wrappy/-/wrappy-1.0.2.tgz",
      "integrity": "sha1-tSQ9jz7BqjXxNkYFvA0QNuMKtp8=",
      "dev": true
    },
    "zen-observable": {
      "version": "0.8.14",
      "resolved": "https://registry.npmjs.org/zen-observable/-/zen-observable-0.8.14.tgz",
      "integrity": "sha512-kQz39uonEjEESwh+qCi83kcC3rZJGh4mrZW7xjkSQYXkq//JZHTtKo+6yuVloTgMtzsIWOJrjIrKvk/dqm0L5g==",
      "dev": true
    },
    "zen-observable-ts": {
      "version": "0.8.20",
      "resolved": "https://registry.npmjs.org/zen-observable-ts/-/zen-observable-ts-0.8.20.tgz",
      "integrity": "sha512-2rkjiPALhOtRaDX6pWyNqK1fnP5KkJJybYebopNSn6wDG1lxBoFs2+nwwXKoA6glHIrtwrfBBy6da0stkKtTAA==",
      "dev": true,
      "requires": {
        "tslib": "^1.9.3",
        "zen-observable": "^0.8.0"
      }
    }
  }
}
